
Microsoft Visual Studio Solution File, Format Version 12.00
# Visual Studio Version 17
VisualStudioVersion = 17.13.35825.156
MinimumVisualStudioVersion = 10.0.40219.1
Project("{FAE04EC0-301F-11D3-BF4B-00C04F79EFBC}") = "first", "src\first\first.csproj", "{2034BE83-F1F7-4239-9E93-E7ADF251D0FD}"
EndProject
Global
	GlobalSection(SolutionConfigurationPlatforms) = preSolution
		Debug|Any CPU = Debug|Any CPU
		Release|Any CPU = Release|Any CPU
	EndGlobalSection
	GlobalSection(ProjectConfigurationPlatforms) = postSolution
		{2034BE83-F1F7-4239-9E93-E7ADF251D0FD}.Debug|Any CPU.ActiveCfg = Debug|Any CPU
		{2034BE83-F1F7-4239-9E93-E7ADF251D0FD}.Debug|Any CPU.Build.0 = Debug|Any CPU
		{2034BE83-F1F7-4239-9E93-E7ADF251D0FD}.Release|Any CPU.ActiveCfg = Release|Any CPU
		{2034BE83-F1F7-4239-9E93-E7ADF251D0FD}.Release|Any CPU.Build.0 = Release|Any CPU
	EndGlobalSection
	GlobalSection(SolutionProperties) = preSolution
		HideSolutionNode = FALSE
	EndGlobalSection
	GlobalSection(ExtensibilityGlobals) = postSolution
		SolutionGuid = {D3935301-65E6-41A9-B7CC-AA14DC8CC65E}
	EndGlobalSection
EndGlobal
